
Microsoft Visual Studio Solution File, Format Version 12.00
# Visual Studio 15
VisualStudioVersion = 15.0.26430.12
MinimumVisualStudioVersion = 10.0.40219.1
Project("{2150E333-8FDC-42A3-9474-1A3956D46DE8}") = "C++基础课程", "C++基础课程", "{AF3BE1A7-4381-4021-AF08-C739D41E518F}"
EndProject
Project("{2150E333-8FDC-42A3-9474-1A3956D46DE8}") = "C++进阶STL", "C++进阶STL", "{B49F8977-5599-4A89-B7FE-2318C3E09AB0}"
EndProject
Project("{8BC9CEB8-8B4A-11D0-8D11-00A0C91BC942}") = "01STL基础", "C++进阶STL\01STL基础\01STL基础.vcxproj", "{757CF442-9C9D-4B47-A4EA-22250DA9F090}"
EndProject
Project("{8BC9CEB8-8B4A-11D0-8D11-00A0C91BC942}") = "01C++基础", "C++基础课程\01C++基础\01C++基础.vcxproj", "{2AA1ED9B-A5CA-475C-B132-EF3F4FD86EA8}"
EndProject
Project("{8BC9CEB8-8B4A-11D0-8D11-00A0C91BC942}") = "Windows API Apply", "C++基础课程\Windows API Apply\Windows API Apply.vcxproj", "{8D74EE47-3DA5-4A99-B7A4-DAFCA67D94DD}"
EndProject
Project("{8BC9CEB8-8B4A-11D0-8D11-00A0C91BC942}") = "02OOP面向对象", "C++基础课程\02OOP面向对象\02OOP面向对象.vcxproj", "{6E439940-E61E-4E10-8812-6E0C5C75F934}"
EndProject
Project("{2150E333-8FDC-42A3-9474-1A3956D46DE8}") = "Day03", "Day03", "{14AAE65A-3B6C-4392-AC98-EFD7AC02E797}"
EndProject
Project("{2150E333-8FDC-42A3-9474-1A3956D46DE8}") = "Day01", "Day01", "{BFD2FB17-D926-4CFD-AF6B-33D3A9BD5C08}"
EndProject
Project("{2150E333-8FDC-42A3-9474-1A3956D46DE8}") = "Day02", "Day02", "{EE500ED8-340B-4E4F-A21C-82F484194612}"
EndProject
Project("{8BC9CEB8-8B4A-11D0-8D11-00A0C91BC942}") = "01 C++ hello world", "C++基础课程\Day01\01 C++ hello world\01 C++ hello world.vcxproj", "{E5B02202-B0EF-4C07-87AA-C73C574AC4ED}"
EndProject
Project("{8BC9CEB8-8B4A-11D0-8D11-00A0C91BC942}") = "02 C++对C的扩展", "C++基础课程\Day01\02 C++对C的扩展\02 C++对C的扩展.vcxproj", "{BF37B713-A60B-4230-B335-B2A03EFA525F}"
EndProject
Project("{8BC9CEB8-8B4A-11D0-8D11-00A0C91BC942}") = "03 命名空间", "C++基础课程\Day01\03 命名空间\03 命名空间.vcxproj", "{BEF6C41A-40AA-40FE-8FC0-24FDABC59614}"
EndProject
Project("{8BC9CEB8-8B4A-11D0-8D11-00A0C91BC942}") = "04 using编译指令和using声明", "C++基础课程\Day01\04 using编译指令和using声明\04 using编译指令和using声明.vcxproj", "{5FD0DDE9-E9C8-4058-B731-AB576382B612}"
EndProject
Project("{8BC9CEB8-8B4A-11D0-8D11-00A0C91BC942}") = "05 C中的const", "C++基础课程\Day01\05 C中的const\05 C中的const.vcxproj", "{4994A788-0991-440A-9CA9-E99D0234593D}"
EndProject
Project("{8BC9CEB8-8B4A-11D0-8D11-00A0C91BC942}") = "06 C++中const", "C++基础课程\Day01\06 C++中const\06 C++中const.vcxproj", "{BBE8C073-73A4-4B26-8158-AFF14F244927}"
EndProject
Project("{8BC9CEB8-8B4A-11D0-8D11-00A0C91BC942}") = "07 引用", "C++基础课程\Day01\07 引用\07 引用.vcxproj", "{274CD33B-1950-4A1F-AAB3-E86018E33A1B}"
EndProject
Project("{8BC9CEB8-8B4A-11D0-8D11-00A0C91BC942}") = "08 指针复习", "C++基础课程\Day01\08 指针复习\08 指针复习.vcxproj", "{4A4DA1B0-FDE5-429A-AC7B-F0B829D248D5}"
EndProject
Project("{8BC9CEB8-8B4A-11D0-8D11-00A0C91BC942}") = "09 引用的本质和指针引用", "C++基础课程\Day01\09 引用的本质和指针引用\09 引用的本质和指针引用.vcxproj", "{58DC72FC-F677-4641-9951-9D2DB884542F}"
EndProject
Project("{8BC9CEB8-8B4A-11D0-8D11-00A0C91BC942}") = "01 引用", "C++基础课程\Day02\01 引用\01 引用.vcxproj", "{DF2A43A3-CECA-45BA-8305-B35781C586DD}"
EndProject
Project("{8BC9CEB8-8B4A-11D0-8D11-00A0C91BC942}") = "02 编写圆类", "C++基础课程\Day02\02 编写圆类\02 编写圆类.vcxproj", "{7052D445-2769-4C0E-94EB-CBB954BF467D}"
EndProject
Project("{8BC9CEB8-8B4A-11D0-8D11-00A0C91BC942}") = "03 内联函数", "C++基础课程\Day02\03 内联函数\03 内联函数.vcxproj", "{B9221053-0174-4636-84BE-0E12593940C1}"
EndProject
Project("{8BC9CEB8-8B4A-11D0-8D11-00A0C91BC942}") = "04 函数的占位参数和函数的默认值", "C++基础课程\Day02\04 函数的占位参数和函数的默认值\04 函数的占位参数和函数的默认值.vcxproj", "{61DA8BF6-4F03-4F14-A7CC-574C4655A150}"
EndProject
Project("{8BC9CEB8-8B4A-11D0-8D11-00A0C91BC942}") = "05 函数重载", "C++基础课程\Day02\05 函数重载\05 函数重载.vcxproj", "{36F874D0-E3EB-4C10-8C6B-4BF937D33C36}"
EndProject
Project("{8BC9CEB8-8B4A-11D0-8D11-00A0C91BC942}") = "06 externC使用", "C++基础课程\Day02\06 externC使用\06 externC使用.vcxproj", "{CA3E0130-0FE9-4B63-BCF4-FD3702220E85}"
EndProject
Project("{8BC9CEB8-8B4A-11D0-8D11-00A0C91BC942}") = "07 类成员的访问权限", "C++基础课程\Day02\07 类成员的访问权限\07 类成员的访问权限.vcxproj", "{53B53909-7DE1-4071-9423-2E72703D4D93}"
EndProject
Project("{8BC9CEB8-8B4A-11D0-8D11-00A0C91BC942}") = "08 将成员设置为private", "C++基础课程\Day02\08 将成员设置为private\08 将成员设置为private.vcxproj", "{FDEABF06-E391-4A6F-A9C5-7932AE10D949}"
EndProject
Project("{8BC9CEB8-8B4A-11D0-8D11-00A0C91BC942}") = "09 课堂练习", "C++基础课程\Day02\09 课堂练习\09 课堂练习.vcxproj", "{67382994-C3F7-4CD5-B918-7CFFF5A29159}"
EndProject
Project("{8BC9CEB8-8B4A-11D0-8D11-00A0C91BC942}") = "10 程序设计案例_设计立方体类", "C++基础课程\Day02\10 程序设计案例_设计立方体类\10 程序设计案例_设计立方体类.vcxproj", "{2B058CDD-C0C9-43AE-B149-B1B7167EEAC3}"
EndProject
Project("{8BC9CEB8-8B4A-11D0-8D11-00A0C91BC942}") = "11 程序设计案例_点和圆的关系", "C++基础课程\Day02\11 程序设计案例_点和圆的关系\11 程序设计案例_点和圆的关系.vcxproj", "{709F686C-2F8D-403F-8598-81DFFB8836FF}"
EndProject
Project("{8BC9CEB8-8B4A-11D0-8D11-00A0C91BC942}") = "01 构造函数和析构函数", "C++基础课程\Day03\01 构造函数和析构函数\01 构造函数和析构函数.vcxproj", "{B476353A-9FDE-4FA9-9DF9-8AAE750EA5F2}"
EndProject
Project("{8BC9CEB8-8B4A-11D0-8D11-00A0C91BC942}") = "02 构造函数的分类及调用", "C++基础课程\Day03\02 构造函数的分类及调用\02 构造函数的分类及调用.vcxproj", "{39F27F94-DAE3-4AB1-A67D-5D08126DA1AC}"
EndProject
Project("{8BC9CEB8-8B4A-11D0-8D11-00A0C91BC942}") = "03 匿名对象", "C++基础课程\Day03\03 匿名对象\03 匿名对象.vcxproj", "{0B8C59E0-65F2-42AB-BD50-1294873E6A7E}"
EndProject
Project("{8BC9CEB8-8B4A-11D0-8D11-00A0C91BC942}") = "04 拷贝构造函数调用时机", "C++基础课程\Day03\04 拷贝构造函数调用时机\04 拷贝构造函数调用时机.vcxproj", "{19C2571B-1802-4688-9B8B-F7DCC6EE12DF}"
EndProject
Project("{8BC9CEB8-8B4A-11D0-8D11-00A0C91BC942}") = "05 构造函数调用规则", "C++基础课程\Day03\05 构造函数调用规则\05 构造函数调用规则.vcxproj", "{697D511A-4157-4121-A177-955F17E55086}"
EndProject
Project("{8BC9CEB8-8B4A-11D0-8D11-00A0C91BC942}") = "06 深拷贝和浅拷贝", "C++基础课程\Day03\06 深拷贝和浅拷贝\06 深拷贝和浅拷贝.vcxproj", "{A3C5894C-146A-489A-A118-7BE5DDBBBB4B}"
EndProject
Project("{8BC9CEB8-8B4A-11D0-8D11-00A0C91BC942}") = "07 多个对象的构造和析构", "C++基础课程\Day03\07 多个对象的构造和析构\07 多个对象的构造和析构.vcxproj", "{EBB12667-52FB-4331-8838-8389060C74E0}"
EndProject
Project("{8BC9CEB8-8B4A-11D0-8D11-00A0C91BC942}") = "08 explicit", "C++基础课程\Day03\08 explicit\08 explicit.vcxproj", "{AE25EF05-B2C6-45CD-B757-1F1BF0913BBE}"
EndProject
Project("{8BC9CEB8-8B4A-11D0-8D11-00A0C91BC942}") = "09 动态对象创建", "C++基础课程\Day03\09 动态对象创建\09 动态对象创建.vcxproj", "{78E7A0C5-ED3C-4722-8627-7C5C39748640}"
EndProject
Global
	GlobalSection(SolutionConfigurationPlatforms) = preSolution
		Debug|Any CPU = Debug|Any CPU
		Debug|ARM = Debug|ARM
		Debug|x64 = Debug|x64
		Debug|x86 = Debug|x86
		Release|Any CPU = Release|Any CPU
		Release|ARM = Release|ARM
		Release|x64 = Release|x64
		Release|x86 = Release|x86
	EndGlobalSection
	GlobalSection(ProjectConfigurationPlatforms) = postSolution
		{757CF442-9C9D-4B47-A4EA-22250DA9F090}.Debug|Any CPU.ActiveCfg = Debug|Win32
		{757CF442-9C9D-4B47-A4EA-22250DA9F090}.Debug|Any CPU.Build.0 = Debug|Win32
		{757CF442-9C9D-4B47-A4EA-22250DA9F090}.Debug|ARM.ActiveCfg = Debug|Win32
		{757CF442-9C9D-4B47-A4EA-22250DA9F090}.Debug|x64.ActiveCfg = Debug|x64
		{757CF442-9C9D-4B47-A4EA-22250DA9F090}.Debug|x64.Build.0 = Debug|x64
		{757CF442-9C9D-4B47-A4EA-22250DA9F090}.Debug|x86.ActiveCfg = Debug|Win32
		{757CF442-9C9D-4B47-A4EA-22250DA9F090}.Debug|x86.Build.0 = Debug|Win32
		{757CF442-9C9D-4B47-A4EA-22250DA9F090}.Release|Any CPU.ActiveCfg = Release|Win32
		{757CF442-9C9D-4B47-A4EA-22250DA9F090}.Release|ARM.ActiveCfg = Release|Win32
		{757CF442-9C9D-4B47-A4EA-22250DA9F090}.Release|x64.ActiveCfg = Release|x64
		{757CF442-9C9D-4B47-A4EA-22250DA9F090}.Release|x64.Build.0 = Release|x64
		{757CF442-9C9D-4B47-A4EA-22250DA9F090}.Release|x86.ActiveCfg = Release|Win32
		{757CF442-9C9D-4B47-A4EA-22250DA9F090}.Release|x86.Build.0 = Release|Win32
		{2AA1ED9B-A5CA-475C-B132-EF3F4FD86EA8}.Debug|Any CPU.ActiveCfg = Debug|Win32
		{2AA1ED9B-A5CA-475C-B132-EF3F4FD86EA8}.Debug|Any CPU.Build.0 = Debug|Win32
		{2AA1ED9B-A5CA-475C-B132-EF3F4FD86EA8}.Debug|ARM.ActiveCfg = Debug|Win32
		{2AA1ED9B-A5CA-475C-B132-EF3F4FD86EA8}.Debug|x64.ActiveCfg = Debug|x64
		{2AA1ED9B-A5CA-475C-B132-EF3F4FD86EA8}.Debug|x64.Build.0 = Debug|x64
		{2AA1ED9B-A5CA-475C-B132-EF3F4FD86EA8}.Debug|x86.ActiveCfg = Debug|Win32
		{2AA1ED9B-A5CA-475C-B132-EF3F4FD86EA8}.Debug|x86.Build.0 = Debug|Win32
		{2AA1ED9B-A5CA-475C-B132-EF3F4FD86EA8}.Release|Any CPU.ActiveCfg = Release|Win32
		{2AA1ED9B-A5CA-475C-B132-EF3F4FD86EA8}.Release|ARM.ActiveCfg = Release|Win32
		{2AA1ED9B-A5CA-475C-B132-EF3F4FD86EA8}.Release|x64.ActiveCfg = Release|x64
		{2AA1ED9B-A5CA-475C-B132-EF3F4FD86EA8}.Release|x64.Build.0 = Release|x64
		{2AA1ED9B-A5CA-475C-B132-EF3F4FD86EA8}.Release|x86.ActiveCfg = Release|Win32
		{2AA1ED9B-A5CA-475C-B132-EF3F4FD86EA8}.Release|x86.Build.0 = Release|Win32
		{8D74EE47-3DA5-4A99-B7A4-DAFCA67D94DD}.Debug|Any CPU.ActiveCfg = Debug|Win32
		{8D74EE47-3DA5-4A99-B7A4-DAFCA67D94DD}.Debug|Any CPU.Build.0 = Debug|Win32
		{8D74EE47-3DA5-4A99-B7A4-DAFCA67D94DD}.Debug|ARM.ActiveCfg = Debug|Win32
		{8D74EE47-3DA5-4A99-B7A4-DAFCA67D94DD}.Debug|x64.ActiveCfg = Debug|x64
		{8D74EE47-3DA5-4A99-B7A4-DAFCA67D94DD}.Debug|x64.Build.0 = Debug|x64
		{8D74EE47-3DA5-4A99-B7A4-DAFCA67D94DD}.Debug|x86.ActiveCfg = Debug|Win32
		{8D74EE47-3DA5-4A99-B7A4-DAFCA67D94DD}.Debug|x86.Build.0 = Debug|Win32
		{8D74EE47-3DA5-4A99-B7A4-DAFCA67D94DD}.Release|Any CPU.ActiveCfg = Release|Win32
		{8D74EE47-3DA5-4A99-B7A4-DAFCA67D94DD}.Release|ARM.ActiveCfg = Release|Win32
		{8D74EE47-3DA5-4A99-B7A4-DAFCA67D94DD}.Release|x64.ActiveCfg = Release|x64
		{8D74EE47-3DA5-4A99-B7A4-DAFCA67D94DD}.Release|x64.Build.0 = Release|x64
		{8D74EE47-3DA5-4A99-B7A4-DAFCA67D94DD}.Release|x86.ActiveCfg = Release|Win32
		{8D74EE47-3DA5-4A99-B7A4-DAFCA67D94DD}.Release|x86.Build.0 = Release|Win32
		{6E439940-E61E-4E10-8812-6E0C5C75F934}.Debug|Any CPU.ActiveCfg = Debug|Win32
		{6E439940-E61E-4E10-8812-6E0C5C75F934}.Debug|Any CPU.Build.0 = Debug|Win32
		{6E439940-E61E-4E10-8812-6E0C5C75F934}.Debug|ARM.ActiveCfg = Debug|Win32
		{6E439940-E61E-4E10-8812-6E0C5C75F934}.Debug|x64.ActiveCfg = Debug|x64
		{6E439940-E61E-4E10-8812-6E0C5C75F934}.Debug|x64.Build.0 = Debug|x64
		{6E439940-E61E-4E10-8812-6E0C5C75F934}.Debug|x86.ActiveCfg = Debug|Win32
		{6E439940-E61E-4E10-8812-6E0C5C75F934}.Debug|x86.Build.0 = Debug|Win32
		{6E439940-E61E-4E10-8812-6E0C5C75F934}.Release|Any CPU.ActiveCfg = Release|Win32
		{6E439940-E61E-4E10-8812-6E0C5C75F934}.Release|ARM.ActiveCfg = Release|Win32
		{6E439940-E61E-4E10-8812-6E0C5C75F934}.Release|x64.ActiveCfg = Release|x64
		{6E439940-E61E-4E10-8812-6E0C5C75F934}.Release|x64.Build.0 = Release|x64
		{6E439940-E61E-4E10-8812-6E0C5C75F934}.Release|x86.ActiveCfg = Release|Win32
		{6E439940-E61E-4E10-8812-6E0C5C75F934}.Release|x86.Build.0 = Release|Win32
		{E5B02202-B0EF-4C07-87AA-C73C574AC4ED}.Debug|Any CPU.ActiveCfg = Debug|Win32
		{E5B02202-B0EF-4C07-87AA-C73C574AC4ED}.Debug|ARM.ActiveCfg = Debug|Win32
		{E5B02202-B0EF-4C07-87AA-C73C574AC4ED}.Debug|x64.ActiveCfg = Debug|Win32
		{E5B02202-B0EF-4C07-87AA-C73C574AC4ED}.Debug|x86.ActiveCfg = Debug|Win32
		{E5B02202-B0EF-4C07-87AA-C73C574AC4ED}.Debug|x86.Build.0 = Debug|Win32
		{E5B02202-B0EF-4C07-87AA-C73C574AC4ED}.Release|Any CPU.ActiveCfg = Release|Win32
		{E5B02202-B0EF-4C07-87AA-C73C574AC4ED}.Release|ARM.ActiveCfg = Release|Win32
		{E5B02202-B0EF-4C07-87AA-C73C574AC4ED}.Release|x64.ActiveCfg = Release|Win32
		{E5B02202-B0EF-4C07-87AA-C73C574AC4ED}.Release|x86.ActiveCfg = Release|Win32
		{E5B02202-B0EF-4C07-87AA-C73C574AC4ED}.Release|x86.Build.0 = Release|Win32
		{BF37B713-A60B-4230-B335-B2A03EFA525F}.Debug|Any CPU.ActiveCfg = Debug|Win32
		{BF37B713-A60B-4230-B335-B2A03EFA525F}.Debug|ARM.ActiveCfg = Debug|Win32
		{BF37B713-A60B-4230-B335-B2A03EFA525F}.Debug|x64.ActiveCfg = Debug|Win32
		{BF37B713-A60B-4230-B335-B2A03EFA525F}.Debug|x86.ActiveCfg = Debug|Win32
		{BF37B713-A60B-4230-B335-B2A03EFA525F}.Debug|x86.Build.0 = Debug|Win32
		{BF37B713-A60B-4230-B335-B2A03EFA525F}.Release|Any CPU.ActiveCfg = Release|Win32
		{BF37B713-A60B-4230-B335-B2A03EFA525F}.Release|ARM.ActiveCfg = Release|Win32
		{BF37B713-A60B-4230-B335-B2A03EFA525F}.Release|x64.ActiveCfg = Release|Win32
		{BF37B713-A60B-4230-B335-B2A03EFA525F}.Release|x86.ActiveCfg = Release|Win32
		{BF37B713-A60B-4230-B335-B2A03EFA525F}.Release|x86.Build.0 = Release|Win32
		{BEF6C41A-40AA-40FE-8FC0-24FDABC59614}.Debug|Any CPU.ActiveCfg = Debug|Win32
		{BEF6C41A-40AA-40FE-8FC0-24FDABC59614}.Debug|ARM.ActiveCfg = Debug|Win32
		{BEF6C41A-40AA-40FE-8FC0-24FDABC59614}.Debug|x64.ActiveCfg = Debug|Win32
		{BEF6C41A-40AA-40FE-8FC0-24FDABC59614}.Debug|x86.ActiveCfg = Debug|Win32
		{BEF6C41A-40AA-40FE-8FC0-24FDABC59614}.Debug|x86.Build.0 = Debug|Win32
		{BEF6C41A-40AA-40FE-8FC0-24FDABC59614}.Release|Any CPU.ActiveCfg = Release|Win32
		{BEF6C41A-40AA-40FE-8FC0-24FDABC59614}.Release|ARM.ActiveCfg = Release|Win32
		{BEF6C41A-40AA-40FE-8FC0-24FDABC59614}.Release|x64.ActiveCfg = Release|Win32
		{BEF6C41A-40AA-40FE-8FC0-24FDABC59614}.Release|x86.ActiveCfg = Release|Win32
		{BEF6C41A-40AA-40FE-8FC0-24FDABC59614}.Release|x86.Build.0 = Release|Win32
		{5FD0DDE9-E9C8-4058-B731-AB576382B612}.Debug|Any CPU.ActiveCfg = Debug|Win32
		{5FD0DDE9-E9C8-4058-B731-AB576382B612}.Debug|ARM.ActiveCfg = Debug|Win32
		{5FD0DDE9-E9C8-4058-B731-AB576382B612}.Debug|x64.ActiveCfg = Debug|Win32
		{5FD0DDE9-E9C8-4058-B731-AB576382B612}.Debug|x86.ActiveCfg = Debug|Win32
		{5FD0DDE9-E9C8-4058-B731-AB576382B612}.Debug|x86.Build.0 = Debug|Win32
		{5FD0DDE9-E9C8-4058-B731-AB576382B612}.Release|Any CPU.ActiveCfg = Release|Win32
		{5FD0DDE9-E9C8-4058-B731-AB576382B612}.Release|ARM.ActiveCfg = Release|Win32
		{5FD0DDE9-E9C8-4058-B731-AB576382B612}.Release|x64.ActiveCfg = Release|Win32
		{5FD0DDE9-E9C8-4058-B731-AB576382B612}.Release|x86.ActiveCfg = Release|Win32
		{5FD0DDE9-E9C8-4058-B731-AB576382B612}.Release|x86.Build.0 = Release|Win32
		{4994A788-0991-440A-9CA9-E99D0234593D}.Debug|Any CPU.ActiveCfg = Debug|Win32
		{4994A788-0991-440A-9CA9-E99D0234593D}.Debug|ARM.ActiveCfg = Debug|Win32
		{4994A788-0991-440A-9CA9-E99D0234593D}.Debug|x64.ActiveCfg = Debug|Win32
		{4994A788-0991-440A-9CA9-E99D0234593D}.Debug|x86.ActiveCfg = Debug|Win32
		{4994A788-0991-440A-9CA9-E99D0234593D}.Debug|x86.Build.0 = Debug|Win32
		{4994A788-0991-440A-9CA9-E99D0234593D}.Release|Any CPU.ActiveCfg = Release|Win32
		{4994A788-0991-440A-9CA9-E99D0234593D}.Release|ARM.ActiveCfg = Release|Win32
		{4994A788-0991-440A-9CA9-E99D0234593D}.Release|x64.ActiveCfg = Release|Win32
		{4994A788-0991-440A-9CA9-E99D0234593D}.Release|x86.ActiveCfg = Release|Win32
		{4994A788-0991-440A-9CA9-E99D0234593D}.Release|x86.Build.0 = Release|Win32
		{BBE8C073-73A4-4B26-8158-AFF14F244927}.Debug|Any CPU.ActiveCfg = Debug|Win32
		{BBE8C073-73A4-4B26-8158-AFF14F244927}.Debug|ARM.ActiveCfg = Debug|Win32
		{BBE8C073-73A4-4B26-8158-AFF14F244927}.Debug|x64.ActiveCfg = Debug|Win32
		{BBE8C073-73A4-4B26-8158-AFF14F244927}.Debug|x86.ActiveCfg = Debug|Win32
		{BBE8C073-73A4-4B26-8158-AFF14F244927}.Debug|x86.Build.0 = Debug|Win32
		{BBE8C073-73A4-4B26-8158-AFF14F244927}.Release|Any CPU.ActiveCfg = Release|Win32
		{BBE8C073-73A4-4B26-8158-AFF14F244927}.Release|ARM.ActiveCfg = Release|Win32
		{BBE8C073-73A4-4B26-8158-AFF14F244927}.Release|x64.ActiveCfg = Release|Win32
		{BBE8C073-73A4-4B26-8158-AFF14F244927}.Release|x86.ActiveCfg = Release|Win32
		{BBE8C073-73A4-4B26-8158-AFF14F244927}.Release|x86.Build.0 = Release|Win32
		{274CD33B-1950-4A1F-AAB3-E86018E33A1B}.Debug|Any CPU.ActiveCfg = Debug|Win32
		{274CD33B-1950-4A1F-AAB3-E86018E33A1B}.Debug|ARM.ActiveCfg = Debug|Win32
		{274CD33B-1950-4A1F-AAB3-E86018E33A1B}.Debug|x64.ActiveCfg = Debug|Win32
		{274CD33B-1950-4A1F-AAB3-E86018E33A1B}.Debug|x86.ActiveCfg = Debug|Win32
		{274CD33B-1950-4A1F-AAB3-E86018E33A1B}.Debug|x86.Build.0 = Debug|Win32
		{274CD33B-1950-4A1F-AAB3-E86018E33A1B}.Release|Any CPU.ActiveCfg = Release|Win32
		{274CD33B-1950-4A1F-AAB3-E86018E33A1B}.Release|ARM.ActiveCfg = Release|Win32
		{274CD33B-1950-4A1F-AAB3-E86018E33A1B}.Release|x64.ActiveCfg = Release|Win32
		{274CD33B-1950-4A1F-AAB3-E86018E33A1B}.Release|x86.ActiveCfg = Release|Win32
		{274CD33B-1950-4A1F-AAB3-E86018E33A1B}.Release|x86.Build.0 = Release|Win32
		{4A4DA1B0-FDE5-429A-AC7B-F0B829D248D5}.Debug|Any CPU.ActiveCfg = Debug|Win32
		{4A4DA1B0-FDE5-429A-AC7B-F0B829D248D5}.Debug|ARM.ActiveCfg = Debug|Win32
		{4A4DA1B0-FDE5-429A-AC7B-F0B829D248D5}.Debug|x64.ActiveCfg = Debug|Win32
		{4A4DA1B0-FDE5-429A-AC7B-F0B829D248D5}.Debug|x86.ActiveCfg = Debug|Win32
		{4A4DA1B0-FDE5-429A-AC7B-F0B829D248D5}.Debug|x86.Build.0 = Debug|Win32
		{4A4DA1B0-FDE5-429A-AC7B-F0B829D248D5}.Release|Any CPU.ActiveCfg = Release|Win32
		{4A4DA1B0-FDE5-429A-AC7B-F0B829D248D5}.Release|ARM.ActiveCfg = Release|Win32
		{4A4DA1B0-FDE5-429A-AC7B-F0B829D248D5}.Release|x64.ActiveCfg = Release|Win32
		{4A4DA1B0-FDE5-429A-AC7B-F0B829D248D5}.Release|x86.ActiveCfg = Release|Win32
		{4A4DA1B0-FDE5-429A-AC7B-F0B829D248D5}.Release|x86.Build.0 = Release|Win32
		{58DC72FC-F677-4641-9951-9D2DB884542F}.Debug|Any CPU.ActiveCfg = Debug|Win32
		{58DC72FC-F677-4641-9951-9D2DB884542F}.Debug|ARM.ActiveCfg = Debug|Win32
		{58DC72FC-F677-4641-9951-9D2DB884542F}.Debug|x64.ActiveCfg = Debug|Win32
		{58DC72FC-F677-4641-9951-9D2DB884542F}.Debug|x86.ActiveCfg = Debug|Win32
		{58DC72FC-F677-4641-9951-9D2DB884542F}.Debug|x86.Build.0 = Debug|Win32
		{58DC72FC-F677-4641-9951-9D2DB884542F}.Release|Any CPU.ActiveCfg = Release|Win32
		{58DC72FC-F677-4641-9951-9D2DB884542F}.Release|ARM.ActiveCfg = Release|Win32
		{58DC72FC-F677-4641-9951-9D2DB884542F}.Release|x64.ActiveCfg = Release|Win32
		{58DC72FC-F677-4641-9951-9D2DB884542F}.Release|x86.ActiveCfg = Release|Win32
		{58DC72FC-F677-4641-9951-9D2DB884542F}.Release|x86.Build.0 = Release|Win32
		{DF2A43A3-CECA-45BA-8305-B35781C586DD}.Debug|Any CPU.ActiveCfg = Debug|Win32
		{DF2A43A3-CECA-45BA-8305-B35781C586DD}.Debug|ARM.ActiveCfg = Debug|Win32
		{DF2A43A3-CECA-45BA-8305-B35781C586DD}.Debug|x64.ActiveCfg = Debug|Win32
		{DF2A43A3-CECA-45BA-8305-B35781C586DD}.Debug|x86.ActiveCfg = Debug|Win32
		{DF2A43A3-CECA-45BA-8305-B35781C586DD}.Debug|x86.Build.0 = Debug|Win32
		{DF2A43A3-CECA-45BA-8305-B35781C586DD}.Release|Any CPU.ActiveCfg = Release|Win32
		{DF2A43A3-CECA-45BA-8305-B35781C586DD}.Release|ARM.ActiveCfg = Release|Win32
		{DF2A43A3-CECA-45BA-8305-B35781C586DD}.Release|x64.ActiveCfg = Release|Win32
		{DF2A43A3-CECA-45BA-8305-B35781C586DD}.Release|x86.ActiveCfg = Release|Win32
		{DF2A43A3-CECA-45BA-8305-B35781C586DD}.Release|x86.Build.0 = Release|Win32
		{7052D445-2769-4C0E-94EB-CBB954BF467D}.Debug|Any CPU.ActiveCfg = Debug|Win32
		{7052D445-2769-4C0E-94EB-CBB954BF467D}.Debug|ARM.ActiveCfg = Debug|Win32
		{7052D445-2769-4C0E-94EB-CBB954BF467D}.Debug|x64.ActiveCfg = Debug|Win32
		{7052D445-2769-4C0E-94EB-CBB954BF467D}.Debug|x86.ActiveCfg = Debug|Win32
		{7052D445-2769-4C0E-94EB-CBB954BF467D}.Debug|x86.Build.0 = Debug|Win32
		{7052D445-2769-4C0E-94EB-CBB954BF467D}.Release|Any CPU.ActiveCfg = Release|Win32
		{7052D445-2769-4C0E-94EB-CBB954BF467D}.Release|ARM.ActiveCfg = Release|Win32
		{7052D445-2769-4C0E-94EB-CBB954BF467D}.Release|x64.ActiveCfg = Release|Win32
		{7052D445-2769-4C0E-94EB-CBB954BF467D}.Release|x86.ActiveCfg = Release|Win32
		{7052D445-2769-4C0E-94EB-CBB954BF467D}.Release|x86.Build.0 = Release|Win32
		{B9221053-0174-4636-84BE-0E12593940C1}.Debug|Any CPU.ActiveCfg = Debug|Win32
		{B9221053-0174-4636-84BE-0E12593940C1}.Debug|ARM.ActiveCfg = Debug|Win32
		{B9221053-0174-4636-84BE-0E12593940C1}.Debug|x64.ActiveCfg = Debug|Win32
		{B9221053-0174-4636-84BE-0E12593940C1}.Debug|x86.ActiveCfg = Debug|Win32
		{B9221053-0174-4636-84BE-0E12593940C1}.Debug|x86.Build.0 = Debug|Win32
		{B9221053-0174-4636-84BE-0E12593940C1}.Release|Any CPU.ActiveCfg = Release|Win32
		{B9221053-0174-4636-84BE-0E12593940C1}.Release|ARM.ActiveCfg = Release|Win32
		{B9221053-0174-4636-84BE-0E12593940C1}.Release|x64.ActiveCfg = Release|Win32
		{B9221053-0174-4636-84BE-0E12593940C1}.Release|x86.ActiveCfg = Release|Win32
		{B9221053-0174-4636-84BE-0E12593940C1}.Release|x86.Build.0 = Release|Win32
		{61DA8BF6-4F03-4F14-A7CC-574C4655A150}.Debug|Any CPU.ActiveCfg = Debug|Win32
		{61DA8BF6-4F03-4F14-A7CC-574C4655A150}.Debug|ARM.ActiveCfg = Debug|Win32
		{61DA8BF6-4F03-4F14-A7CC-574C4655A150}.Debug|x64.ActiveCfg = Debug|Win32
		{61DA8BF6-4F03-4F14-A7CC-574C4655A150}.Debug|x86.ActiveCfg = Debug|Win32
		{61DA8BF6-4F03-4F14-A7CC-574C4655A150}.Debug|x86.Build.0 = Debug|Win32
		{61DA8BF6-4F03-4F14-A7CC-574C4655A150}.Release|Any CPU.ActiveCfg = Release|Win32
		{61DA8BF6-4F03-4F14-A7CC-574C4655A150}.Release|ARM.ActiveCfg = Release|Win32
		{61DA8BF6-4F03-4F14-A7CC-574C4655A150}.Release|x64.ActiveCfg = Release|Win32
		{61DA8BF6-4F03-4F14-A7CC-574C4655A150}.Release|x86.ActiveCfg = Release|Win32
		{61DA8BF6-4F03-4F14-A7CC-574C4655A150}.Release|x86.Build.0 = Release|Win32
		{36F874D0-E3EB-4C10-8C6B-4BF937D33C36}.Debug|Any CPU.ActiveCfg = Debug|Win32
		{36F874D0-E3EB-4C10-8C6B-4BF937D33C36}.Debug|ARM.ActiveCfg = Debug|Win32
		{36F874D0-E3EB-4C10-8C6B-4BF937D33C36}.Debug|x64.ActiveCfg = Debug|Win32
		{36F874D0-E3EB-4C10-8C6B-4BF937D33C36}.Debug|x86.ActiveCfg = Debug|Win32
		{36F874D0-E3EB-4C10-8C6B-4BF937D33C36}.Debug|x86.Build.0 = Debug|Win32
		{36F874D0-E3EB-4C10-8C6B-4BF937D33C36}.Release|Any CPU.ActiveCfg = Release|Win32
		{36F874D0-E3EB-4C10-8C6B-4BF937D33C36}.Release|ARM.ActiveCfg = Release|Win32
		{36F874D0-E3EB-4C10-8C6B-4BF937D33C36}.Release|x64.ActiveCfg = Release|Win32
		{36F874D0-E3EB-4C10-8C6B-4BF937D33C36}.Release|x86.ActiveCfg = Release|Win32
		{36F874D0-E3EB-4C10-8C6B-4BF937D33C36}.Release|x86.Build.0 = Release|Win32
		{CA3E0130-0FE9-4B63-BCF4-FD3702220E85}.Debug|Any CPU.ActiveCfg = Debug|Win32
		{CA3E0130-0FE9-4B63-BCF4-FD3702220E85}.Debug|ARM.ActiveCfg = Debug|Win32
		{CA3E0130-0FE9-4B63-BCF4-FD3702220E85}.Debug|x64.ActiveCfg = Debug|Win32
		{CA3E0130-0FE9-4B63-BCF4-FD3702220E85}.Debug|x86.ActiveCfg = Debug|Win32
		{CA3E0130-0FE9-4B63-BCF4-FD3702220E85}.Debug|x86.Build.0 = Debug|Win32
		{CA3E0130-0FE9-4B63-BCF4-FD3702220E85}.Release|Any CPU.ActiveCfg = Release|Win32
		{CA3E0130-0FE9-4B63-BCF4-FD3702220E85}.Release|ARM.ActiveCfg = Release|Win32
		{CA3E0130-0FE9-4B63-BCF4-FD3702220E85}.Release|x64.ActiveCfg = Release|Win32
		{CA3E0130-0FE9-4B63-BCF4-FD3702220E85}.Release|x86.ActiveCfg = Release|Win32
		{CA3E0130-0FE9-4B63-BCF4-FD3702220E85}.Release|x86.Build.0 = Release|Win32
		{53B53909-7DE1-4071-9423-2E72703D4D93}.Debug|Any CPU.ActiveCfg = Debug|Win32
		{53B53909-7DE1-4071-9423-2E72703D4D93}.Debug|ARM.ActiveCfg = Debug|Win32
		{53B53909-7DE1-4071-9423-2E72703D4D93}.Debug|x64.ActiveCfg = Debug|Win32
		{53B53909-7DE1-4071-9423-2E72703D4D93}.Debug|x86.ActiveCfg = Debug|Win32
		{53B53909-7DE1-4071-9423-2E72703D4D93}.Debug|x86.Build.0 = Debug|Win32
		{53B53909-7DE1-4071-9423-2E72703D4D93}.Release|Any CPU.ActiveCfg = Release|Win32
		{53B53909-7DE1-4071-9423-2E72703D4D93}.Release|ARM.ActiveCfg = Release|Win32
		{53B53909-7DE1-4071-9423-2E72703D4D93}.Release|x64.ActiveCfg = Release|Win32
		{53B53909-7DE1-4071-9423-2E72703D4D93}.Release|x86.ActiveCfg = Release|Win32
		{53B53909-7DE1-4071-9423-2E72703D4D93}.Release|x86.Build.0 = Release|Win32
		{FDEABF06-E391-4A6F-A9C5-7932AE10D949}.Debug|Any CPU.ActiveCfg = Debug|Win32
		{FDEABF06-E391-4A6F-A9C5-7932AE10D949}.Debug|ARM.ActiveCfg = Debug|Win32
		{FDEABF06-E391-4A6F-A9C5-7932AE10D949}.Debug|x64.ActiveCfg = Debug|Win32
		{FDEABF06-E391-4A6F-A9C5-7932AE10D949}.Debug|x86.ActiveCfg = Debug|Win32
		{FDEABF06-E391-4A6F-A9C5-7932AE10D949}.Debug|x86.Build.0 = Debug|Win32
		{FDEABF06-E391-4A6F-A9C5-7932AE10D949}.Release|Any CPU.ActiveCfg = Release|Win32
		{FDEABF06-E391-4A6F-A9C5-7932AE10D949}.Release|ARM.ActiveCfg = Release|Win32
		{FDEABF06-E391-4A6F-A9C5-7932AE10D949}.Release|x64.ActiveCfg = Release|Win32
		{FDEABF06-E391-4A6F-A9C5-7932AE10D949}.Release|x86.ActiveCfg = Release|Win32
		{FDEABF06-E391-4A6F-A9C5-7932AE10D949}.Release|x86.Build.0 = Release|Win32
		{67382994-C3F7-4CD5-B918-7CFFF5A29159}.Debug|Any CPU.ActiveCfg = Debug|Win32
		{67382994-C3F7-4CD5-B918-7CFFF5A29159}.Debug|ARM.ActiveCfg = Debug|Win32
		{67382994-C3F7-4CD5-B918-7CFFF5A29159}.Debug|x64.ActiveCfg = Debug|Win32
		{67382994-C3F7-4CD5-B918-7CFFF5A29159}.Debug|x86.ActiveCfg = Debug|Win32
		{67382994-C3F7-4CD5-B918-7CFFF5A29159}.Debug|x86.Build.0 = Debug|Win32
		{67382994-C3F7-4CD5-B918-7CFFF5A29159}.Release|Any CPU.ActiveCfg = Release|Win32
		{67382994-C3F7-4CD5-B918-7CFFF5A29159}.Release|ARM.ActiveCfg = Release|Win32
		{67382994-C3F7-4CD5-B918-7CFFF5A29159}.Release|x64.ActiveCfg = Release|Win32
		{67382994-C3F7-4CD5-B918-7CFFF5A29159}.Release|x86.ActiveCfg = Release|Win32
		{67382994-C3F7-4CD5-B918-7CFFF5A29159}.Release|x86.Build.0 = Release|Win32
		{2B058CDD-C0C9-43AE-B149-B1B7167EEAC3}.Debug|Any CPU.ActiveCfg = Debug|Win32
		{2B058CDD-C0C9-43AE-B149-B1B7167EEAC3}.Debug|ARM.ActiveCfg = Debug|Win32
		{2B058CDD-C0C9-43AE-B149-B1B7167EEAC3}.Debug|x64.ActiveCfg = Debug|Win32
		{2B058CDD-C0C9-43AE-B149-B1B7167EEAC3}.Debug|x86.ActiveCfg = Debug|Win32
		{2B058CDD-C0C9-43AE-B149-B1B7167EEAC3}.Debug|x86.Build.0 = Debug|Win32
		{2B058CDD-C0C9-43AE-B149-B1B7167EEAC3}.Release|Any CPU.ActiveCfg = Release|Win32
		{2B058CDD-C0C9-43AE-B149-B1B7167EEAC3}.Release|ARM.ActiveCfg = Release|Win32
		{2B058CDD-C0C9-43AE-B149-B1B7167EEAC3}.Release|x64.ActiveCfg = Release|Win32
		{2B058CDD-C0C9-43AE-B149-B1B7167EEAC3}.Release|x86.ActiveCfg = Release|Win32
		{2B058CDD-C0C9-43AE-B149-B1B7167EEAC3}.Release|x86.Build.0 = Release|Win32
		{709F686C-2F8D-403F-8598-81DFFB8836FF}.Debug|Any CPU.ActiveCfg = Debug|Win32
		{709F686C-2F8D-403F-8598-81DFFB8836FF}.Debug|ARM.ActiveCfg = Debug|Win32
		{709F686C-2F8D-403F-8598-81DFFB8836FF}.Debug|x64.ActiveCfg = Debug|Win32
		{709F686C-2F8D-403F-8598-81DFFB8836FF}.Debug|x86.ActiveCfg = Debug|Win32
		{709F686C-2F8D-403F-8598-81DFFB8836FF}.Debug|x86.Build.0 = Debug|Win32
		{709F686C-2F8D-403F-8598-81DFFB8836FF}.Release|Any CPU.ActiveCfg = Release|Win32
		{709F686C-2F8D-403F-8598-81DFFB8836FF}.Release|ARM.ActiveCfg = Release|Win32
		{709F686C-2F8D-403F-8598-81DFFB8836FF}.Release|x64.ActiveCfg = Release|Win32
		{709F686C-2F8D-403F-8598-81DFFB8836FF}.Release|x86.ActiveCfg = Release|Win32
		{709F686C-2F8D-403F-8598-81DFFB8836FF}.Release|x86.Build.0 = Release|Win32
		{B476353A-9FDE-4FA9-9DF9-8AAE750EA5F2}.Debug|Any CPU.ActiveCfg = Debug|Win32
		{B476353A-9FDE-4FA9-9DF9-8AAE750EA5F2}.Debug|ARM.ActiveCfg = Debug|Win32
		{B476353A-9FDE-4FA9-9DF9-8AAE750EA5F2}.Debug|x64.ActiveCfg = Debug|Win32
		{B476353A-9FDE-4FA9-9DF9-8AAE750EA5F2}.Debug|x86.ActiveCfg = Debug|Win32
		{B476353A-9FDE-4FA9-9DF9-8AAE750EA5F2}.Debug|x86.Build.0 = Debug|Win32
		{B476353A-9FDE-4FA9-9DF9-8AAE750EA5F2}.Release|Any CPU.ActiveCfg = Release|Win32
		{B476353A-9FDE-4FA9-9DF9-8AAE750EA5F2}.Release|ARM.ActiveCfg = Release|Win32
		{B476353A-9FDE-4FA9-9DF9-8AAE750EA5F2}.Release|x64.ActiveCfg = Release|Win32
		{B476353A-9FDE-4FA9-9DF9-8AAE750EA5F2}.Release|x86.ActiveCfg = Release|Win32
		{B476353A-9FDE-4FA9-9DF9-8AAE750EA5F2}.Release|x86.Build.0 = Release|Win32
		{39F27F94-DAE3-4AB1-A67D-5D08126DA1AC}.Debug|Any CPU.ActiveCfg = Debug|Win32
		{39F27F94-DAE3-4AB1-A67D-5D08126DA1AC}.Debug|ARM.ActiveCfg = Debug|Win32
		{39F27F94-DAE3-4AB1-A67D-5D08126DA1AC}.Debug|x64.ActiveCfg = Debug|Win32
		{39F27F94-DAE3-4AB1-A67D-5D08126DA1AC}.Debug|x86.ActiveCfg = Debug|Win32
		{39F27F94-DAE3-4AB1-A67D-5D08126DA1AC}.Debug|x86.Build.0 = Debug|Win32
		{39F27F94-DAE3-4AB1-A67D-5D08126DA1AC}.Release|Any CPU.ActiveCfg = Release|Win32
		{39F27F94-DAE3-4AB1-A67D-5D08126DA1AC}.Release|ARM.ActiveCfg = Release|Win32
		{39F27F94-DAE3-4AB1-A67D-5D08126DA1AC}.Release|x64.ActiveCfg = Release|Win32
		{39F27F94-DAE3-4AB1-A67D-5D08126DA1AC}.Release|x86.ActiveCfg = Release|Win32
		{39F27F94-DAE3-4AB1-A67D-5D08126DA1AC}.Release|x86.Build.0 = Release|Win32
		{0B8C59E0-65F2-42AB-BD50-1294873E6A7E}.Debug|Any CPU.ActiveCfg = Debug|Win32
		{0B8C59E0-65F2-42AB-BD50-1294873E6A7E}.Debug|ARM.ActiveCfg = Debug|Win32
		{0B8C59E0-65F2-42AB-BD50-1294873E6A7E}.Debug|x64.ActiveCfg = Debug|Win32
		{0B8C59E0-65F2-42AB-BD50-1294873E6A7E}.Debug|x86.ActiveCfg = Debug|Win32
		{0B8C59E0-65F2-42AB-BD50-1294873E6A7E}.Debug|x86.Build.0 = Debug|Win32
		{0B8C59E0-65F2-42AB-BD50-1294873E6A7E}.Release|Any CPU.ActiveCfg = Release|Win32
		{0B8C59E0-65F2-42AB-BD50-1294873E6A7E}.Release|ARM.ActiveCfg = Release|Win32
		{0B8C59E0-65F2-42AB-BD50-1294873E6A7E}.Release|x64.ActiveCfg = Release|Win32
		{0B8C59E0-65F2-42AB-BD50-1294873E6A7E}.Release|x86.ActiveCfg = Release|Win32
		{0B8C59E0-65F2-42AB-BD50-1294873E6A7E}.Release|x86.Build.0 = Release|Win32
		{19C2571B-1802-4688-9B8B-F7DCC6EE12DF}.Debug|Any CPU.ActiveCfg = Debug|Win32
		{19C2571B-1802-4688-9B8B-F7DCC6EE12DF}.Debug|ARM.ActiveCfg = Debug|Win32
		{19C2571B-1802-4688-9B8B-F7DCC6EE12DF}.Debug|x64.ActiveCfg = Debug|Win32
		{19C2571B-1802-4688-9B8B-F7DCC6EE12DF}.Debug|x86.ActiveCfg = Debug|Win32
		{19C2571B-1802-4688-9B8B-F7DCC6EE12DF}.Debug|x86.Build.0 = Debug|Win32
		{19C2571B-1802-4688-9B8B-F7DCC6EE12DF}.Release|Any CPU.ActiveCfg = Release|Win32
		{19C2571B-1802-4688-9B8B-F7DCC6EE12DF}.Release|ARM.ActiveCfg = Release|Win32
		{19C2571B-1802-4688-9B8B-F7DCC6EE12DF}.Release|x64.ActiveCfg = Release|Win32
		{19C2571B-1802-4688-9B8B-F7DCC6EE12DF}.Release|x86.ActiveCfg = Release|Win32
		{19C2571B-1802-4688-9B8B-F7DCC6EE12DF}.Release|x86.Build.0 = Release|Win32
		{697D511A-4157-4121-A177-955F17E55086}.Debug|Any CPU.ActiveCfg = Debug|Win32
		{697D511A-4157-4121-A177-955F17E55086}.Debug|ARM.ActiveCfg = Debug|Win32
		{697D511A-4157-4121-A177-955F17E55086}.Debug|x64.ActiveCfg = Debug|Win32
		{697D511A-4157-4121-A177-955F17E55086}.Debug|x86.ActiveCfg = Debug|Win32
		{697D511A-4157-4121-A177-955F17E55086}.Debug|x86.Build.0 = Debug|Win32
		{697D511A-4157-4121-A177-955F17E55086}.Release|Any CPU.ActiveCfg = Release|Win32
		{697D511A-4157-4121-A177-955F17E55086}.Release|ARM.ActiveCfg = Release|Win32
		{697D511A-4157-4121-A177-955F17E55086}.Release|x64.ActiveCfg = Release|Win32
		{697D511A-4157-4121-A177-955F17E55086}.Release|x86.ActiveCfg = Release|Win32
		{697D511A-4157-4121-A177-955F17E55086}.Release|x86.Build.0 = Release|Win32
		{A3C5894C-146A-489A-A118-7BE5DDBBBB4B}.Debug|Any CPU.ActiveCfg = Debug|Win32
		{A3C5894C-146A-489A-A118-7BE5DDBBBB4B}.Debug|ARM.ActiveCfg = Debug|Win32
		{A3C5894C-146A-489A-A118-7BE5DDBBBB4B}.Debug|x64.ActiveCfg = Debug|Win32
		{A3C5894C-146A-489A-A118-7BE5DDBBBB4B}.Debug|x86.ActiveCfg = Debug|Win32
		{A3C5894C-146A-489A-A118-7BE5DDBBBB4B}.Debug|x86.Build.0 = Debug|Win32
		{A3C5894C-146A-489A-A118-7BE5DDBBBB4B}.Release|Any CPU.ActiveCfg = Release|Win32
		{A3C5894C-146A-489A-A118-7BE5DDBBBB4B}.Release|ARM.ActiveCfg = Release|Win32
		{A3C5894C-146A-489A-A118-7BE5DDBBBB4B}.Release|x64.ActiveCfg = Release|Win32
		{A3C5894C-146A-489A-A118-7BE5DDBBBB4B}.Release|x86.ActiveCfg = Release|Win32
		{A3C5894C-146A-489A-A118-7BE5DDBBBB4B}.Release|x86.Build.0 = Release|Win32
		{EBB12667-52FB-4331-8838-8389060C74E0}.Debug|Any CPU.ActiveCfg = Debug|Win32
		{EBB12667-52FB-4331-8838-8389060C74E0}.Debug|ARM.ActiveCfg = Debug|Win32
		{EBB12667-52FB-4331-8838-8389060C74E0}.Debug|x64.ActiveCfg = Debug|Win32
		{EBB12667-52FB-4331-8838-8389060C74E0}.Debug|x86.ActiveCfg = Debug|Win32
		{EBB12667-52FB-4331-8838-8389060C74E0}.Debug|x86.Build.0 = Debug|Win32
		{EBB12667-52FB-4331-8838-8389060C74E0}.Release|Any CPU.ActiveCfg = Release|Win32
		{EBB12667-52FB-4331-8838-8389060C74E0}.Release|ARM.ActiveCfg = Release|Win32
		{EBB12667-52FB-4331-8838-8389060C74E0}.Release|x64.ActiveCfg = Release|Win32
		{EBB12667-52FB-4331-8838-8389060C74E0}.Release|x86.ActiveCfg = Release|Win32
		{EBB12667-52FB-4331-8838-8389060C74E0}.Release|x86.Build.0 = Release|Win32
		{AE25EF05-B2C6-45CD-B757-1F1BF0913BBE}.Debug|Any CPU.ActiveCfg = Debug|Win32
		{AE25EF05-B2C6-45CD-B757-1F1BF0913BBE}.Debug|ARM.ActiveCfg = Debug|Win32
		{AE25EF05-B2C6-45CD-B757-1F1BF0913BBE}.Debug|x64.ActiveCfg = Debug|Win32
		{AE25EF05-B2C6-45CD-B757-1F1BF0913BBE}.Debug|x86.ActiveCfg = Debug|Win32
		{AE25EF05-B2C6-45CD-B757-1F1BF0913BBE}.Debug|x86.Build.0 = Debug|Win32
		{AE25EF05-B2C6-45CD-B757-1F1BF0913BBE}.Release|Any CPU.ActiveCfg = Release|Win32
		{AE25EF05-B2C6-45CD-B757-1F1BF0913BBE}.Release|ARM.ActiveCfg = Release|Win32
		{AE25EF05-B2C6-45CD-B757-1F1BF0913BBE}.Release|x64.ActiveCfg = Release|Win32
		{AE25EF05-B2C6-45CD-B757-1F1BF0913BBE}.Release|x86.ActiveCfg = Release|Win32
		{AE25EF05-B2C6-45CD-B757-1F1BF0913BBE}.Release|x86.Build.0 = Release|Win32
		{78E7A0C5-ED3C-4722-8627-7C5C39748640}.Debug|Any CPU.ActiveCfg = Debug|Win32
		{78E7A0C5-ED3C-4722-8627-7C5C39748640}.Debug|ARM.ActiveCfg = Debug|Win32
		{78E7A0C5-ED3C-4722-8627-7C5C39748640}.Debug|x64.ActiveCfg = Debug|Win32
		{78E7A0C5-ED3C-4722-8627-7C5C39748640}.Debug|x86.ActiveCfg = Debug|Win32
		{78E7A0C5-ED3C-4722-8627-7C5C39748640}.Debug|x86.Build.0 = Debug|Win32
		{78E7A0C5-ED3C-4722-8627-7C5C39748640}.Release|Any CPU.ActiveCfg = Release|Win32
		{78E7A0C5-ED3C-4722-8627-7C5C39748640}.Release|ARM.ActiveCfg = Release|Win32
		{78E7A0C5-ED3C-4722-8627-7C5C39748640}.Release|x64.ActiveCfg = Release|Win32
		{78E7A0C5-ED3C-4722-8627-7C5C39748640}.Release|x86.ActiveCfg = Release|Win32
		{78E7A0C5-ED3C-4722-8627-7C5C39748640}.Release|x86.Build.0 = Release|Win32
	EndGlobalSection
	GlobalSection(SolutionProperties) = preSolution
		HideSolutionNode = FALSE
	EndGlobalSection
	GlobalSection(NestedProjects) = preSolution
		{757CF442-9C9D-4B47-A4EA-22250DA9F090} = {B49F8977-5599-4A89-B7FE-2318C3E09AB0}
		{2AA1ED9B-A5CA-475C-B132-EF3F4FD86EA8} = {AF3BE1A7-4381-4021-AF08-C739D41E518F}
		{8D74EE47-3DA5-4A99-B7A4-DAFCA67D94DD} = {AF3BE1A7-4381-4021-AF08-C739D41E518F}
		{6E439940-E61E-4E10-8812-6E0C5C75F934} = {AF3BE1A7-4381-4021-AF08-C739D41E518F}
		{14AAE65A-3B6C-4392-AC98-EFD7AC02E797} = {AF3BE1A7-4381-4021-AF08-C739D41E518F}
		{BFD2FB17-D926-4CFD-AF6B-33D3A9BD5C08} = {AF3BE1A7-4381-4021-AF08-C739D41E518F}
		{EE500ED8-340B-4E4F-A21C-82F484194612} = {AF3BE1A7-4381-4021-AF08-C739D41E518F}
		{E5B02202-B0EF-4C07-87AA-C73C574AC4ED} = {BFD2FB17-D926-4CFD-AF6B-33D3A9BD5C08}
		{BF37B713-A60B-4230-B335-B2A03EFA525F} = {BFD2FB17-D926-4CFD-AF6B-33D3A9BD5C08}
		{BEF6C41A-40AA-40FE-8FC0-24FDABC59614} = {BFD2FB17-D926-4CFD-AF6B-33D3A9BD5C08}
		{5FD0DDE9-E9C8-4058-B731-AB576382B612} = {BFD2FB17-D926-4CFD-AF6B-33D3A9BD5C08}
		{4994A788-0991-440A-9CA9-E99D0234593D} = {BFD2FB17-D926-4CFD-AF6B-33D3A9BD5C08}
		{BBE8C073-73A4-4B26-8158-AFF14F244927} = {BFD2FB17-D926-4CFD-AF6B-33D3A9BD5C08}
		{274CD33B-1950-4A1F-AAB3-E86018E33A1B} = {BFD2FB17-D926-4CFD-AF6B-33D3A9BD5C08}
		{4A4DA1B0-FDE5-429A-AC7B-F0B829D248D5} = {BFD2FB17-D926-4CFD-AF6B-33D3A9BD5C08}
		{58DC72FC-F677-4641-9951-9D2DB884542F} = {BFD2FB17-D926-4CFD-AF6B-33D3A9BD5C08}
		{DF2A43A3-CECA-45BA-8305-B35781C586DD} = {EE500ED8-340B-4E4F-A21C-82F484194612}
		{7052D445-2769-4C0E-94EB-CBB954BF467D} = {EE500ED8-340B-4E4F-A21C-82F484194612}
		{B9221053-0174-4636-84BE-0E12593940C1} = {EE500ED8-340B-4E4F-A21C-82F484194612}
		{61DA8BF6-4F03-4F14-A7CC-574C4655A150} = {EE500ED8-340B-4E4F-A21C-82F484194612}
		{36F874D0-E3EB-4C10-8C6B-4BF937D33C36} = {EE500ED8-340B-4E4F-A21C-82F484194612}
		{CA3E0130-0FE9-4B63-BCF4-FD3702220E85} = {EE500ED8-340B-4E4F-A21C-82F484194612}
		{53B53909-7DE1-4071-9423-2E72703D4D93} = {EE500ED8-340B-4E4F-A21C-82F484194612}
		{FDEABF06-E391-4A6F-A9C5-7932AE10D949} = {EE500ED8-340B-4E4F-A21C-82F484194612}
		{67382994-C3F7-4CD5-B918-7CFFF5A29159} = {EE500ED8-340B-4E4F-A21C-82F484194612}
		{2B058CDD-C0C9-43AE-B149-B1B7167EEAC3} = {EE500ED8-340B-4E4F-A21C-82F484194612}
		{709F686C-2F8D-403F-8598-81DFFB8836FF} = {EE500ED8-340B-4E4F-A21C-82F484194612}
		{B476353A-9FDE-4FA9-9DF9-8AAE750EA5F2} = {14AAE65A-3B6C-4392-AC98-EFD7AC02E797}
		{39F27F94-DAE3-4AB1-A67D-5D08126DA1AC} = {14AAE65A-3B6C-4392-AC98-EFD7AC02E797}
		{0B8C59E0-65F2-42AB-BD50-1294873E6A7E} = {14AAE65A-3B6C-4392-AC98-EFD7AC02E797}
		{19C2571B-1802-4688-9B8B-F7DCC6EE12DF} = {14AAE65A-3B6C-4392-AC98-EFD7AC02E797}
		{697D511A-4157-4121-A177-955F17E55086} = {14AAE65A-3B6C-4392-AC98-EFD7AC02E797}
		{A3C5894C-146A-489A-A118-7BE5DDBBBB4B} = {14AAE65A-3B6C-4392-AC98-EFD7AC02E797}
		{EBB12667-52FB-4331-8838-8389060C74E0} = {14AAE65A-3B6C-4392-AC98-EFD7AC02E797}
		{AE25EF05-B2C6-45CD-B757-1F1BF0913BBE} = {14AAE65A-3B6C-4392-AC98-EFD7AC02E797}
		{78E7A0C5-ED3C-4722-8627-7C5C39748640} = {14AAE65A-3B6C-4392-AC98-EFD7AC02E797}
	EndGlobalSection
EndGlobal
