
Microsoft Visual Studio Solution File, Format Version 12.00
# Visual Studio 15
VisualStudioVersion = 15.0.26730.12
MinimumVisualStudioVersion = 10.0.40219.1
Project("{8BC9CEB8-8B4A-11D0-8D11-00A0C91BC942}") = "05 适配器", "05 适配器\05 适配器.vcxproj", "{08D2CDAA-A465-43EB-BDBB-CF78142133A9}"
EndProject
Project("{8BC9CEB8-8B4A-11D0-8D11-00A0C91BC942}") = "06 常用的遍历算法", "06 常用的遍历算法\06 常用的遍历算法.vcxproj", "{7C946A5B-12FA-47F7-8AD2-597F4A57472A}"
EndProject
Project("{8BC9CEB8-8B4A-11D0-8D11-00A0C91BC942}") = "07 常用查找算法", "07 常用查找算法\07 常用查找算法.vcxproj", "{D7FD8D3F-7E02-430B-80CE-6F7267044EBA}"
EndProject
Project("{8BC9CEB8-8B4A-11D0-8D11-00A0C91BC942}") = "08 常用排序算法", "08 常用排序算法\08 常用排序算法.vcxproj", "{8C1EF1A9-2C1A-4374-BE71-46C24F578B33}"
EndProject
Project("{8BC9CEB8-8B4A-11D0-8D11-00A0C91BC942}") = "11 常用集合算法", "11 常用集合算法\11 常用集合算法.vcxproj", "{8621CF69-B266-4D57-A9D8-5CA86F661FB2}"
EndProject
Global
	GlobalSection(SolutionConfigurationPlatforms) = preSolution
		Debug|Win32 = Debug|Win32
		Release|Win32 = Release|Win32
	EndGlobalSection
	GlobalSection(ProjectConfigurationPlatforms) = postSolution
		{08D2CDAA-A465-43EB-BDBB-CF78142133A9}.Debug|Win32.ActiveCfg = Debug|Win32
		{08D2CDAA-A465-43EB-BDBB-CF78142133A9}.Debug|Win32.Build.0 = Debug|Win32
		{08D2CDAA-A465-43EB-BDBB-CF78142133A9}.Release|Win32.ActiveCfg = Release|Win32
		{08D2CDAA-A465-43EB-BDBB-CF78142133A9}.Release|Win32.Build.0 = Release|Win32
		{7C946A5B-12FA-47F7-8AD2-597F4A57472A}.Debug|Win32.ActiveCfg = Debug|Win32
		{7C946A5B-12FA-47F7-8AD2-597F4A57472A}.Debug|Win32.Build.0 = Debug|Win32
		{7C946A5B-12FA-47F7-8AD2-597F4A57472A}.Release|Win32.ActiveCfg = Release|Win32
		{7C946A5B-12FA-47F7-8AD2-597F4A57472A}.Release|Win32.Build.0 = Release|Win32
		{D7FD8D3F-7E02-430B-80CE-6F7267044EBA}.Debug|Win32.ActiveCfg = Debug|Win32
		{D7FD8D3F-7E02-430B-80CE-6F7267044EBA}.Debug|Win32.Build.0 = Debug|Win32
		{D7FD8D3F-7E02-430B-80CE-6F7267044EBA}.Release|Win32.ActiveCfg = Release|Win32
		{D7FD8D3F-7E02-430B-80CE-6F7267044EBA}.Release|Win32.Build.0 = Release|Win32
		{8C1EF1A9-2C1A-4374-BE71-46C24F578B33}.Debug|Win32.ActiveCfg = Debug|Win32
		{8C1EF1A9-2C1A-4374-BE71-46C24F578B33}.Debug|Win32.Build.0 = Debug|Win32
		{8C1EF1A9-2C1A-4374-BE71-46C24F578B33}.Release|Win32.ActiveCfg = Release|Win32
		{8C1EF1A9-2C1A-4374-BE71-46C24F578B33}.Release|Win32.Build.0 = Release|Win32
		{8621CF69-B266-4D57-A9D8-5CA86F661FB2}.Debug|Win32.ActiveCfg = Debug|Win32
		{8621CF69-B266-4D57-A9D8-5CA86F661FB2}.Debug|Win32.Build.0 = Debug|Win32
		{8621CF69-B266-4D57-A9D8-5CA86F661FB2}.Release|Win32.ActiveCfg = Release|Win32
		{8621CF69-B266-4D57-A9D8-5CA86F661FB2}.Release|Win32.Build.0 = Release|Win32
	EndGlobalSection
	GlobalSection(SolutionProperties) = preSolution
		HideSolutionNode = FALSE
	EndGlobalSection
	GlobalSection(ExtensibilityGlobals) = postSolution
		SolutionGuid = {89E2D1AC-E0B0-4421-92F7-98D3FA70C97C}
	EndGlobalSection
EndGlobal
